
Microsoft Visual Studio Solution File, Format Version 12.00
# Visual Studio Version 16
VisualStudioVersion = 16.0.31702.278
MinimumVisualStudioVersion = 10.0.40219.1
Project("{FAE04EC0-301F-11D3-BF4B-00C04F79EFBC}") = "NETlaba1", "NETlaba1\NETlaba1.csproj", "{595978E4-9157-4BF4-AEFD-2656FA36359F}"
EndProject
Global
	GlobalSection(SolutionConfigurationPlatforms) = preSolution
		Debug|Any CPU = Debug|Any CPU
		Release|Any CPU = Release|Any CPU
	EndGlobalSection
	GlobalSection(ProjectConfigurationPlatforms) = postSolution
		{595978E4-9157-4BF4-AEFD-2656FA36359F}.Debug|Any CPU.ActiveCfg = Debug|Any CPU
		{595978E4-9157-4BF4-AEFD-2656FA36359F}.Debug|Any CPU.Build.0 = Debug|Any CPU
		{595978E4-9157-4BF4-AEFD-2656FA36359F}.Release|Any CPU.ActiveCfg = Release|Any CPU
		{595978E4-9157-4BF4-AEFD-2656FA36359F}.Release|Any CPU.Build.0 = Release|Any CPU
	EndGlobalSection
	GlobalSection(SolutionProperties) = preSolution
		HideSolutionNode = FALSE
	EndGlobalSection
	GlobalSection(ExtensibilityGlobals) = postSolution
		SolutionGuid = {4A0694B2-FED3-4BE3-9B35-B1F67DDB9B0C}
	EndGlobalSection
EndGlobal
