
Microsoft Visual Studio Solution File, Format Version 12.00
# Visual Studio Version 16
VisualStudioVersion = 16.0.31702.278
MinimumVisualStudioVersion = 10.0.40219.1
Project("{FAE04EC0-301F-11D3-BF4B-00C04F79EFBC}") = "MetTestLaba1", "MetTestLaba1\MetTestLaba1.csproj", "{58567B8F-853D-41F8-9DB6-2DBB952DFACA}"
EndProject
Global
	GlobalSection(SolutionConfigurationPlatforms) = preSolution
		Debug|Any CPU = Debug|Any CPU
		Release|Any CPU = Release|Any CPU
	EndGlobalSection
	GlobalSection(ProjectConfigurationPlatforms) = postSolution
		{58567B8F-853D-41F8-9DB6-2DBB952DFACA}.Debug|Any CPU.ActiveCfg = Debug|Any CPU
		{58567B8F-853D-41F8-9DB6-2DBB952DFACA}.Debug|Any CPU.Build.0 = Debug|Any CPU
		{58567B8F-853D-41F8-9DB6-2DBB952DFACA}.Release|Any CPU.ActiveCfg = Release|Any CPU
		{58567B8F-853D-41F8-9DB6-2DBB952DFACA}.Release|Any CPU.Build.0 = Release|Any CPU
	EndGlobalSection
	GlobalSection(SolutionProperties) = preSolution
		HideSolutionNode = FALSE
	EndGlobalSection
	GlobalSection(ExtensibilityGlobals) = postSolution
		SolutionGuid = {62A96ECF-D9C5-4141-AD8D-FF3459B60529}
	EndGlobalSection
EndGlobal
