
Microsoft Visual Studio Solution File, Format Version 12.00
# Visual Studio Express 15 for Windows Desktop
VisualStudioVersion = 15.0.28307.1145
MinimumVisualStudioVersion = 10.0.40219.1
Project("{FAE04EC0-301F-11D3-BF4B-00C04F79EFBC}") = "laba1", "laba1.csproj", "{FF6227DD-0778-4451-83E2-5D8A1D3EAF4E}"
EndProject
Global
	GlobalSection(SolutionConfigurationPlatforms) = preSolution
		Debug|Any CPU = Debug|Any CPU
		Release|Any CPU = Release|Any CPU
	EndGlobalSection
	GlobalSection(ProjectConfigurationPlatforms) = postSolution
		{FF6227DD-0778-4451-83E2-5D8A1D3EAF4E}.Debug|Any CPU.ActiveCfg = Debug|Any CPU
		{FF6227DD-0778-4451-83E2-5D8A1D3EAF4E}.Debug|Any CPU.Build.0 = Debug|Any CPU
		{FF6227DD-0778-4451-83E2-5D8A1D3EAF4E}.Release|Any CPU.ActiveCfg = Release|Any CPU
		{FF6227DD-0778-4451-83E2-5D8A1D3EAF4E}.Release|Any CPU.Build.0 = Release|Any CPU
	EndGlobalSection
	GlobalSection(SolutionProperties) = preSolution
		HideSolutionNode = FALSE
	EndGlobalSection
	GlobalSection(ExtensibilityGlobals) = postSolution
		SolutionGuid = {C0CDD7CC-B72E-44E5-953C-29938585D1BB}
	EndGlobalSection
EndGlobal
