
Microsoft Visual Studio Solution File, Format Version 12.00
# Visual Studio Version 16
VisualStudioVersion = 16.0.31702.278
MinimumVisualStudioVersion = 10.0.40219.1
Project("{FAE04EC0-301F-11D3-BF4B-00C04F79EFBC}") = "Laba8", "Laba8\Laba8.csproj", "{A826B6DD-DA86-4C23-8A4E-D6B09FEC545C}"
EndProject
Global
	GlobalSection(SolutionConfigurationPlatforms) = preSolution
		Debug|Any CPU = Debug|Any CPU
		Release|Any CPU = Release|Any CPU
	EndGlobalSection
	GlobalSection(ProjectConfigurationPlatforms) = postSolution
		{A826B6DD-DA86-4C23-8A4E-D6B09FEC545C}.Debug|Any CPU.ActiveCfg = Debug|Any CPU
		{A826B6DD-DA86-4C23-8A4E-D6B09FEC545C}.Debug|Any CPU.Build.0 = Debug|Any CPU
		{A826B6DD-DA86-4C23-8A4E-D6B09FEC545C}.Release|Any CPU.ActiveCfg = Release|Any CPU
		{A826B6DD-DA86-4C23-8A4E-D6B09FEC545C}.Release|Any CPU.Build.0 = Release|Any CPU
	EndGlobalSection
	GlobalSection(SolutionProperties) = preSolution
		HideSolutionNode = FALSE
	EndGlobalSection
	GlobalSection(ExtensibilityGlobals) = postSolution
		SolutionGuid = {941CD94E-2062-4B25-9C01-C3BAAE6A60F9}
	EndGlobalSection
EndGlobal
