
Microsoft Visual Studio Solution File, Format Version 12.00
# Visual Studio Version 16
VisualStudioVersion = 16.0.31702.278
MinimumVisualStudioVersion = 10.0.40219.1
Project("{FAE04EC0-301F-11D3-BF4B-00C04F79EFBC}") = "NETLaba4", "NETLaba4\NETLaba4.csproj", "{4A0DA388-3DD0-4EFB-96FA-6A86F787B33C}"
EndProject
Global
	GlobalSection(SolutionConfigurationPlatforms) = preSolution
		Debug|Any CPU = Debug|Any CPU
		Release|Any CPU = Release|Any CPU
	EndGlobalSection
	GlobalSection(ProjectConfigurationPlatforms) = postSolution
		{4A0DA388-3DD0-4EFB-96FA-6A86F787B33C}.Debug|Any CPU.ActiveCfg = Debug|Any CPU
		{4A0DA388-3DD0-4EFB-96FA-6A86F787B33C}.Debug|Any CPU.Build.0 = Debug|Any CPU
		{4A0DA388-3DD0-4EFB-96FA-6A86F787B33C}.Release|Any CPU.ActiveCfg = Release|Any CPU
		{4A0DA388-3DD0-4EFB-96FA-6A86F787B33C}.Release|Any CPU.Build.0 = Release|Any CPU
	EndGlobalSection
	GlobalSection(SolutionProperties) = preSolution
		HideSolutionNode = FALSE
	EndGlobalSection
	GlobalSection(ExtensibilityGlobals) = postSolution
		SolutionGuid = {F05D4C34-C210-420B-B99A-5F5AFC980EFB}
	EndGlobalSection
EndGlobal
