
Microsoft Visual Studio Solution File, Format Version 12.00
# Visual Studio Version 16
VisualStudioVersion = 16.0.31729.503
MinimumVisualStudioVersion = 10.0.40219.1
Project("{FAE04EC0-301F-11D3-BF4B-00C04F79EFBC}") = "laba3_1", "laba3_1\laba3_1.csproj", "{12983AA4-434C-4CA1-817B-D0320E0AC6B2}"
EndProject
Global
	GlobalSection(SolutionConfigurationPlatforms) = preSolution
		Debug|Any CPU = Debug|Any CPU
		Release|Any CPU = Release|Any CPU
	EndGlobalSection
	GlobalSection(ProjectConfigurationPlatforms) = postSolution
		{12983AA4-434C-4CA1-817B-D0320E0AC6B2}.Debug|Any CPU.ActiveCfg = Debug|Any CPU
		{12983AA4-434C-4CA1-817B-D0320E0AC6B2}.Debug|Any CPU.Build.0 = Debug|Any CPU
		{12983AA4-434C-4CA1-817B-D0320E0AC6B2}.Release|Any CPU.ActiveCfg = Release|Any CPU
		{12983AA4-434C-4CA1-817B-D0320E0AC6B2}.Release|Any CPU.Build.0 = Release|Any CPU
	EndGlobalSection
	GlobalSection(SolutionProperties) = preSolution
		HideSolutionNode = FALSE
	EndGlobalSection
	GlobalSection(ExtensibilityGlobals) = postSolution
		SolutionGuid = {C6D229BE-1962-485F-B59C-27DE75A344FE}
	EndGlobalSection
EndGlobal
