
Microsoft Visual Studio Solution File, Format Version 12.00
# Visual Studio Version 16
VisualStudioVersion = 16.0.31702.278
MinimumVisualStudioVersion = 10.0.40219.1
Project("{FAE04EC0-301F-11D3-BF4B-00C04F79EFBC}") = "NETKP2", "NETKP\NETKP2.csproj", "{A7652667-AC61-4288-8706-FE24B3622131}"
EndProject
Global
	GlobalSection(SolutionConfigurationPlatforms) = preSolution
		Debug|Any CPU = Debug|Any CPU
		Release|Any CPU = Release|Any CPU
	EndGlobalSection
	GlobalSection(ProjectConfigurationPlatforms) = postSolution
		{A7652667-AC61-4288-8706-FE24B3622131}.Debug|Any CPU.ActiveCfg = Debug|Any CPU
		{A7652667-AC61-4288-8706-FE24B3622131}.Debug|Any CPU.Build.0 = Debug|Any CPU
		{A7652667-AC61-4288-8706-FE24B3622131}.Release|Any CPU.ActiveCfg = Release|Any CPU
		{A7652667-AC61-4288-8706-FE24B3622131}.Release|Any CPU.Build.0 = Release|Any CPU
	EndGlobalSection
	GlobalSection(SolutionProperties) = preSolution
		HideSolutionNode = FALSE
	EndGlobalSection
	GlobalSection(ExtensibilityGlobals) = postSolution
		SolutionGuid = {2AA58CA6-335D-48FC-A534-625D66362E87}
	EndGlobalSection
EndGlobal
