
Microsoft Visual Studio Solution File, Format Version 12.00
# Visual Studio Version 17
VisualStudioVersion = 17.3.32929.385
MinimumVisualStudioVersion = 10.0.40219.1
Project("{9A19103F-16F7-4668-BE54-9A1E7A4F7556}") = "TestVar4", "TestVar4\TestVar4.csproj", "{338940B1-DCDA-4625-BC62-C2E6EF333CD5}"
EndProject
Project("{9A19103F-16F7-4668-BE54-9A1E7A4F7556}") = "TestirovanieVar4", "TestirovanieVar4\TestirovanieVar4\TestirovanieVar4.csproj", "{ACFEC1C7-3214-41BC-A76B-90383A22CCBF}"
EndProject
Global
	GlobalSection(SolutionConfigurationPlatforms) = preSolution
		Debug|Any CPU = Debug|Any CPU
		Release|Any CPU = Release|Any CPU
	EndGlobalSection
	GlobalSection(ProjectConfigurationPlatforms) = postSolution
		{338940B1-DCDA-4625-BC62-C2E6EF333CD5}.Debug|Any CPU.ActiveCfg = Debug|Any CPU
		{338940B1-DCDA-4625-BC62-C2E6EF333CD5}.Debug|Any CPU.Build.0 = Debug|Any CPU
		{338940B1-DCDA-4625-BC62-C2E6EF333CD5}.Release|Any CPU.ActiveCfg = Release|Any CPU
		{338940B1-DCDA-4625-BC62-C2E6EF333CD5}.Release|Any CPU.Build.0 = Release|Any CPU
		{ACFEC1C7-3214-41BC-A76B-90383A22CCBF}.Debug|Any CPU.ActiveCfg = Debug|Any CPU
		{ACFEC1C7-3214-41BC-A76B-90383A22CCBF}.Debug|Any CPU.Build.0 = Debug|Any CPU
		{ACFEC1C7-3214-41BC-A76B-90383A22CCBF}.Release|Any CPU.ActiveCfg = Release|Any CPU
		{ACFEC1C7-3214-41BC-A76B-90383A22CCBF}.Release|Any CPU.Build.0 = Release|Any CPU
	EndGlobalSection
	GlobalSection(SolutionProperties) = preSolution
		HideSolutionNode = FALSE
	EndGlobalSection
	GlobalSection(ExtensibilityGlobals) = postSolution
		SolutionGuid = {1095DD1D-9C2D-4B47-BFCB-D13DED65319C}
	EndGlobalSection
EndGlobal
