
Microsoft Visual Studio Solution File, Format Version 12.00
# Visual Studio Version 16
VisualStudioVersion = 16.0.31702.278
MinimumVisualStudioVersion = 10.0.40219.1
Project("{FAE04EC0-301F-11D3-BF4B-00C04F79EFBC}") = "NETLaba2", "NETLaba2\NETLaba2.csproj", "{8EEB36EF-3F27-4DD5-A5FE-F690F10782C7}"
EndProject
Global
	GlobalSection(SolutionConfigurationPlatforms) = preSolution
		Debug|Any CPU = Debug|Any CPU
		Release|Any CPU = Release|Any CPU
	EndGlobalSection
	GlobalSection(ProjectConfigurationPlatforms) = postSolution
		{8EEB36EF-3F27-4DD5-A5FE-F690F10782C7}.Debug|Any CPU.ActiveCfg = Debug|Any CPU
		{8EEB36EF-3F27-4DD5-A5FE-F690F10782C7}.Debug|Any CPU.Build.0 = Debug|Any CPU
		{8EEB36EF-3F27-4DD5-A5FE-F690F10782C7}.Release|Any CPU.ActiveCfg = Release|Any CPU
		{8EEB36EF-3F27-4DD5-A5FE-F690F10782C7}.Release|Any CPU.Build.0 = Release|Any CPU
	EndGlobalSection
	GlobalSection(SolutionProperties) = preSolution
		HideSolutionNode = FALSE
	EndGlobalSection
	GlobalSection(ExtensibilityGlobals) = postSolution
		SolutionGuid = {01D6E422-81A7-4E75-8157-9A3581CBC39E}
	EndGlobalSection
EndGlobal
