
Microsoft Visual Studio Solution File, Format Version 12.00
# Visual Studio Version 16
VisualStudioVersion = 16.0.31702.278
MinimumVisualStudioVersion = 10.0.40219.1
Project("{FAE04EC0-301F-11D3-BF4B-00C04F79EFBC}") = "NETLaba10", "NETLaba10\NETLaba10.csproj", "{77AAF90C-2D21-4227-BCC2-9524948CC497}"
EndProject
Global
	GlobalSection(SolutionConfigurationPlatforms) = preSolution
		Debug|Any CPU = Debug|Any CPU
		Release|Any CPU = Release|Any CPU
	EndGlobalSection
	GlobalSection(ProjectConfigurationPlatforms) = postSolution
		{77AAF90C-2D21-4227-BCC2-9524948CC497}.Debug|Any CPU.ActiveCfg = Debug|Any CPU
		{77AAF90C-2D21-4227-BCC2-9524948CC497}.Debug|Any CPU.Build.0 = Debug|Any CPU
		{77AAF90C-2D21-4227-BCC2-9524948CC497}.Release|Any CPU.ActiveCfg = Release|Any CPU
		{77AAF90C-2D21-4227-BCC2-9524948CC497}.Release|Any CPU.Build.0 = Release|Any CPU
	EndGlobalSection
	GlobalSection(SolutionProperties) = preSolution
		HideSolutionNode = FALSE
	EndGlobalSection
	GlobalSection(ExtensibilityGlobals) = postSolution
		SolutionGuid = {911B002B-886C-4CE9-AF07-84530E2BEA30}
	EndGlobalSection
EndGlobal
